// !$*UTF8*$!
{
	archiveVersion = 1;
	classes = {
	};
	objectVersion = 48;
	objects = {

/* Begin PBXBuildFile section */
		14B9610820BBD6B900173997 /* UIColor+Hex.m in Sources */ = {isa = PBXBuildFile; fileRef = 14B9610320BBD6B900173997 /* UIColor+Hex.m */; };
		14B9610920BBD6B900173997 /* UILabel+Utils.m in Sources */ = {isa = PBXBuildFile; fileRef = 14B9610520BBD6B900173997 /* UILabel+Utils.m */; };
		14B9610A20BBD6B900173997 /* UIView+HGCorner.m in Sources */ = {isa = PBXBuildFile; fileRef = 14B9610720BBD6B900173997 /* UIView+HGCorner.m */; };
		14F6D6A720BB995C00920C26 /* AppDelegate.m in Sources */ = {isa = PBXBuildFile; fileRef = 14F6D6A620BB995C00920C26 /* AppDelegate.m */; };
		14F6D6AA20BB995C00920C26 /* ViewController.m in Sources */ = {isa = PBXBuildFile; fileRef = 14F6D6A920BB995C00920C26 /* ViewController.m */; };
		14F6D6AD20BB995C00920C26 /* Main.storyboard in Resources */ = {isa = PBXBuildFile; fileRef = 14F6D6AB20BB995C00920C26 /* Main.storyboard */; };
		14F6D6AF20BB995C00920C26 /* Assets.xcassets in Resources */ = {isa = PBXBuildFile; fileRef = 14F6D6AE20BB995C00920C26 /* Assets.xcassets */; };
		14F6D6B220BB995C00920C26 /* LaunchScreen.storyboard in Resources */ = {isa = PBXBuildFile; fileRef = 14F6D6B020BB995C00920C26 /* LaunchScreen.storyboard */; };
		14F6D6B520BB995C00920C26 /* main.m in Sources */ = {isa = PBXBuildFile; fileRef = 14F6D6B420BB995C00920C26 /* main.m */; };
		14F6D6BD20BB99B400920C26 /* MNAlertView.m in Sources */ = {isa = PBXBuildFile; fileRef = 14F6D6BC20BB99B400920C26 /* MNAlertView.m */; };
		F7AD6D706F2EED054706278C /* libPods-MNAlertView.a in Frameworks */ = {isa = PBXBuildFile; fileRef = 0EF0464E56ABF53973C342EC /* libPods-MNAlertView.a */; };
/* End PBXBuildFile section */

/* Begin PBXFileReference section */
		0EF0464E56ABF53973C342EC /* libPods-MNAlertView.a */ = {isa = PBXFileReference; explicitFileType = archive.ar; includeInIndex = 0; path = "libPods-MNAlertView.a"; sourceTree = BUILT_PRODUCTS_DIR; };
		14B9610220BBD6B900173997 /* UIColor+Hex.h */ = {isa = PBXFileReference; fileEncoding = 4; lastKnownFileType = sourcecode.c.h; path = "UIColor+Hex.h"; sourceTree = "<group>"; };
		14B9610320BBD6B900173997 /* UIColor+Hex.m */ = {isa = PBXFileReference; fileEncoding = 4; lastKnownFileType = sourcecode.c.objc; path = "UIColor+Hex.m"; sourceTree = "<group>"; };
		14B9610420BBD6B900173997 /* UILabel+Utils.h */ = {isa = PBXFileReference; fileEncoding = 4; lastKnownFileType = sourcecode.c.h; path = "UILabel+Utils.h"; sourceTree = "<group>"; };
		14B9610520BBD6B900173997 /* UILabel+Utils.m */ = {isa = PBXFileReference; fileEncoding = 4; lastKnownFileType = sourcecode.c.objc; path = "UILabel+Utils.m"; sourceTree = "<group>"; };
		14B9610620BBD6B900173997 /* UIView+HGCorner.h */ = {isa = PBXFileReference; fileEncoding = 4; lastKnownFileType = sourcecode.c.h; path = "UIView+HGCorner.h"; sourceTree = "<group>"; };
		14B9610720BBD6B900173997 /* UIView+HGCorner.m */ = {isa = PBXFileReference; fileEncoding = 4; lastKnownFileType = sourcecode.c.objc; path = "UIView+HGCorner.m"; sourceTree = "<group>"; };
		14F6D6A220BB995C00920C26 /* MNAlertView.app */ = {isa = PBXFileReference; explicitFileType = wrapper.application; includeInIndex = 0; path = MNAlertView.app; sourceTree = BUILT_PRODUCTS_DIR; };
		14F6D6A520BB995C00920C26 /* AppDelegate.h */ = {isa = PBXFileReference; lastKnownFileType = sourcecode.c.h; path = AppDelegate.h; sourceTree = "<group>"; };
		14F6D6A620BB995C00920C26 /* AppDelegate.m */ = {isa = PBXFileReference; lastKnownFileType = sourcecode.c.objc; path = AppDelegate.m; sourceTree = "<group>"; };
		14F6D6A820BB995C00920C26 /* ViewController.h */ = {isa = PBXFileReference; lastKnownFileType = sourcecode.c.h; path = ViewController.h; sourceTree = "<group>"; };
		14F6D6A920BB995C00920C26 /* ViewController.m */ = {isa = PBXFileReference; lastKnownFileType = sourcecode.c.objc; path = ViewController.m; sourceTree = "<group>"; };
		14F6D6AC20BB995C00920C26 /* Base */ = {isa = PBXFileReference; lastKnownFileType = file.storyboard; name = Base; path = Base.lproj/Main.storyboard; sourceTree = "<group>"; };
		14F6D6AE20BB995C00920C26 /* Assets.xcassets */ = {isa = PBXFileReference; lastKnownFileType = folder.assetcatalog; path = Assets.xcassets; sourceTree = "<group>"; };
		14F6D6B120BB995C00920C26 /* Base */ = {isa = PBXFileReference; lastKnownFileType = file.storyboard; name = Base; path = Base.lproj/LaunchScreen.storyboard; sourceTree = "<group>"; };
		14F6D6B320BB995C00920C26 /* Info.plist */ = {isa = PBXFileReference; lastKnownFileType = text.plist.xml; path = Info.plist; sourceTree = "<group>"; };
		14F6D6B420BB995C00920C26 /* main.m */ = {isa = PBXFileReference; lastKnownFileType = sourcecode.c.objc; path = main.m; sourceTree = "<group>"; };
		14F6D6BB20BB99B400920C26 /* MNAlertView.h */ = {isa = PBXFileReference; lastKnownFileType = sourcecode.c.h; path = MNAlertView.h; sourceTree = "<group>"; };
		14F6D6BC20BB99B400920C26 /* MNAlertView.m */ = {isa = PBXFileReference; lastKnownFileType = sourcecode.c.objc; path = MNAlertView.m; sourceTree = "<group>"; };
		8B5C3E02D02767D4ACF7DD16 /* Pods-MNAlertView.release.xcconfig */ = {isa = PBXFileReference; includeInIndex = 1; lastKnownFileType = text.xcconfig; name = "Pods-MNAlertView.release.xcconfig"; path = "Pods/Target Support Files/Pods-MNAlertView/Pods-MNAlertView.release.xcconfig"; sourceTree = "<group>"; };
		9BC1F7F3A4C06910714B1ADE /* Pods-MNAlertView.debug.xcconfig */ = {isa = PBXFileReference; includeInIndex = 1; lastKnownFileType = text.xcconfig; name = "Pods-MNAlertView.debug.xcconfig"; path = "Pods/Target Support Files/Pods-MNAlertView/Pods-MNAlertView.debug.xcconfig"; sourceTree = "<group>"; };
/* End PBXFileReference section */

/* Begin PBXFrameworksBuildPhase section */
		14F6D69F20BB995C00920C26 /* Frameworks */ = {
			isa = PBXFrameworksBuildPhase;
			buildActionMask = 2147483647;
			files = (
				F7AD6D706F2EED054706278C /* libPods-MNAlertView.a in Frameworks */,
			);
			runOnlyForDeploymentPostprocessing = 0;
		};
/* End PBXFrameworksBuildPhase section */

/* Begin PBXGroup section */
		14B9610120BBD6B900173997 /* Tools */ = {
			isa = PBXGroup;
			children = (
				14B9610220BBD6B900173997 /* UIColor+Hex.h */,
				14B9610320BBD6B900173997 /* UIColor+Hex.m */,
				14B9610420BBD6B900173997 /* UILabel+Utils.h */,
				14B9610520BBD6B900173997 /* UILabel+Utils.m */,
				14B9610620BBD6B900173997 /* UIView+HGCorner.h */,
				14B9610720BBD6B900173997 /* UIView+HGCorner.m */,
			);
			path = Tools;
			sourceTree = "<group>";
		};
		14F6D69920BB995B00920C26 = {
			isa = PBXGroup;
			children = (
				14F6D6A420BB995C00920C26 /* MNAlertView */,
				14F6D6A320BB995C00920C26 /* Products */,
				F105F8BFD0FFAF8144DF1EFF /* Pods */,
				A4B9005B9C10AC6DEFC28C31 /* Frameworks */,
			);
			sourceTree = "<group>";
		};
		14F6D6A320BB995C00920C26 /* Products */ = {
			isa = PBXGroup;
			children = (
				14F6D6A220BB995C00920C26 /* MNAlertView.app */,
			);
			name = Products;
			sourceTree = "<group>";
		};
		14F6D6A420BB995C00920C26 /* MNAlertView */ = {
			isa = PBXGroup;
			children = (
				14F6D6BE20BBCEF400920C26 /* MNAlertView */,
				14F6D6A520BB995C00920C26 /* AppDelegate.h */,
				14F6D6A620BB995C00920C26 /* AppDelegate.m */,
				14F6D6A820BB995C00920C26 /* ViewController.h */,
				14F6D6A920BB995C00920C26 /* ViewController.m */,
				14F6D6AB20BB995C00920C26 /* Main.storyboard */,
				14F6D6AE20BB995C00920C26 /* Assets.xcassets */,
				14F6D6B020BB995C00920C26 /* LaunchScreen.storyboard */,
				14F6D6B320BB995C00920C26 /* Info.plist */,
				14F6D6B420BB995C00920C26 /* main.m */,
			);
			path = MNAlertView;
			sourceTree = "<group>";
		};
		14F6D6BE20BBCEF400920C26 /* MNAlertView */ = {
			isa = PBXGroup;
			children = (
				14B9610120BBD6B900173997 /* Tools */,
				14F6D6BB20BB99B400920C26 /* MNAlertView.h */,
				14F6D6BC20BB99B400920C26 /* MNAlertView.m */,
			);
			path = MNAlertView;
			sourceTree = "<group>";
		};
		A4B9005B9C10AC6DEFC28C31 /* Frameworks */ = {
			isa = PBXGroup;
			children = (
				0EF0464E56ABF53973C342EC /* libPods-MNAlertView.a */,
			);
			name = Frameworks;
			sourceTree = "<group>";
		};
		F105F8BFD0FFAF8144DF1EFF /* Pods */ = {
			isa = PBXGroup;
			children = (
				9BC1F7F3A4C06910714B1ADE /* Pods-MNAlertView.debug.xcconfig */,
				8B5C3E02D02767D4ACF7DD16 /* Pods-MNAlertView.release.xcconfig */,
			);
			name = Pods;
			sourceTree = "<group>";
		};
/* End PBXGroup section */

/* Begin PBXNativeTarget section */
		14F6D6A120BB995C00920C26 /* MNAlertView */ = {
			isa = PBXNativeTarget;
			buildConfigurationList = 14F6D6B820BB995C00920C26 /* Build configuration list for PBXNativeTarget "MNAlertView" */;
			buildPhases = (
				2A683C8666EBF4FFE50FE5B6 /* [CP] Check Pods Manifest.lock */,
				14F6D69E20BB995C00920C26 /* Sources */,
				14F6D69F20BB995C00920C26 /* Frameworks */,
				14F6D6A020BB995C00920C26 /* Resources */,
			);
			buildRules = (
			);
			dependencies = (
			);
			name = MNAlertView;
			productName = MNAlertView;
			productReference = 14F6D6A220BB995C00920C26 /* MNAlertView.app */;
			productType = "com.apple.product-type.application";
		};
/* End PBXNativeTarget section */

/* Begin PBXProject section */
		14F6D69A20BB995B00920C26 /* Project object */ = {
			isa = PBXProject;
			attributes = {
				LastUpgradeCheck = 0920;
				ORGANIZATIONNAME = xmhccf;
				TargetAttributes = {
					14F6D6A120BB995C00920C26 = {
						CreatedOnToolsVersion = 9.2;
						ProvisioningStyle = Automatic;
					};
				};
			};
			buildConfigurationList = 14F6D69D20BB995B00920C26 /* Build configuration list for PBXProject "MNAlertView" */;
			compatibilityVersion = "Xcode 8.0";
			developmentRegion = en;
			hasScannedForEncodings = 0;
			knownRegions = (
				en,
				Base,
			);
			mainGroup = 14F6D69920BB995B00920C26;
			productRefGroup = 14F6D6A320BB995C00920C26 /* Products */;
			projectDirPath = "";
			projectRoot = "";
			targets = (
				14F6D6A120BB995C00920C26 /* MNAlertView */,
			);
		};
/* End PBXProject section */

/* Begin PBXResourcesBuildPhase section */
		14F6D6A020BB995C00920C26 /* Resources */ = {
			isa = PBXResourcesBuildPhase;
			buildActionMask = 2147483647;
			files = (
				14F6D6B220BB995C00920C26 /* LaunchScreen.storyboard in Resources */,
				14F6D6AF20BB995C00920C26 /* Assets.xcassets in Resources */,
				14F6D6AD20BB995C00920C26 /* Main.storyboard in Resources */,
			);
			runOnlyForDeploymentPostprocessing = 0;
		};
/* End PBXResourcesBuildPhase section */

/* Begin PBXShellScriptBuildPhase section */
		2A683C8666EBF4FFE50FE5B6 /* [CP] Check Pods Manifest.lock */ = {
			isa = PBXShellScriptBuildPhase;
			buildActionMask = 2147483647;
			files = (
			);
			inputPaths = (
				"${PODS_PODFILE_DIR_PATH}/Podfile.lock",
				"${PODS_ROOT}/Manifest.lock",
			);
			name = "[CP] Check Pods Manifest.lock";
			outputPaths = (
				"$(DERIVED_FILE_DIR)/Pods-MNAlertView-checkManifestLockResult.txt",
			);
			runOnlyForDeploymentPostprocessing = 0;
			shellPath = /bin/sh;
			shellScript = "diff \"${PODS_PODFILE_DIR_PATH}/Podfile.lock\" \"${PODS_ROOT}/Manifest.lock\" > /dev/null\nif [ $? != 0 ] ; then\n    # print error to STDERR\n    echo \"error: The sandbox is not in sync with the Podfile.lock. Run 'pod install' or update your CocoaPods installation.\" >&2\n    exit 1\nfi\n# This output is used by Xcode 'outputs' to avoid re-running this script phase.\necho \"SUCCESS\" > \"${SCRIPT_OUTPUT_FILE_0}\"\n";
			showEnvVarsInLog = 0;
		};
/* End PBXShellScriptBuildPhase section */

/* Begin PBXSourcesBuildPhase section */
		14F6D69E20BB995C00920C26 /* Sources */ = {
			isa = PBXSourcesBuildPhase;
			buildActionMask = 2147483647;
			files = (
				14B9610920BBD6B900173997 /* UILabel+Utils.m in Sources */,
				14F6D6AA20BB995C00920C26 /* ViewController.m in Sources */,
				14B9610820BBD6B900173997 /* UIColor+Hex.m in Sources */,
				14F6D6B520BB995C00920C26 /* main.m in Sources */,
				14B9610A20BBD6B900173997 /* UIView+HGCorner.m in Sources */,
				14F6D6BD20BB99B400920C26 /* MNAlertView.m in Sources */,
				14F6D6A720BB995C00920C26 /* AppDelegate.m in Sources */,
			);
			runOnlyForDeploymentPostprocessing = 0;
		};
/* End PBXSourcesBuildPhase section */

/* Begin PBXVariantGroup section */
		14F6D6AB20BB995C00920C26 /* Main.storyboard */ = {
			isa = PBXVariantGroup;
			children = (
				14F6D6AC20BB995C00920C26 /* Base */,
			);
			name = Main.storyboard;
			sourceTree = "<group>";
		};
		14F6D6B020BB995C00920C26 /* LaunchScreen.storyboard */ = {
			isa = PBXVariantGroup;
			children = (
				14F6D6B120BB995C00920C26 /* Base */,
			);
			name = LaunchScreen.storyboard;
			sourceTree = "<group>";
		};
/* End PBXVariantGroup section */

/* Begin XCBuildConfiguration section */
		14F6D6B620BB995C00920C26 /* Debug */ = {
			isa = XCBuildConfiguration;
			buildSettings = {
				ALWAYS_SEARCH_USER_PATHS = NO;
				CLANG_ANALYZER_NONNULL = YES;
				CLANG_ANALYZER_NUMBER_OBJECT_CONVERSION = YES_AGGRESSIVE;
				CLANG_CXX_LANGUAGE_STANDARD = "gnu++14";
				CLANG_CXX_LIBRARY = "libc++";
				CLANG_ENABLE_MODULES = YES;
				CLANG_ENABLE_OBJC_ARC = YES;
				CLANG_WARN_BLOCK_CAPTURE_AUTORELEASING = YES;
				CLANG_WARN_BOOL_CONVERSION = YES;
				CLANG_WARN_COMMA = YES;
				CLANG_WARN_CONSTANT_CONVERSION = YES;
				CLANG_WARN_DIRECT_OBJC_ISA_USAGE = YES_ERROR;
				CLANG_WARN_DOCUMENTATION_COMMENTS = YES;
				CLANG_WARN_EMPTY_BODY = YES;
				CLANG_WARN_ENUM_CONVERSION = YES;
				CLANG_WARN_INFINITE_RECURSION = YES;
				CLANG_WARN_INT_CONVERSION = YES;
				CLANG_WARN_NON_LITERAL_NULL_CONVERSION = YES;
				CLANG_WARN_OBJC_LITERAL_CONVERSION = YES;
				CLANG_WARN_OBJC_ROOT_CLASS = YES_ERROR;
				CLANG_WARN_RANGE_LOOP_ANALYSIS = YES;
				CLANG_WARN_STRICT_PROTOTYPES = YES;
				CLANG_WARN_SUSPICIOUS_MOVE = YES;
				CLANG_WARN_UNGUARDED_AVAILABILITY = YES_AGGRESSIVE;
				CLANG_WARN_UNREACHABLE_CODE = YES;
				CLANG_WARN__DUPLICATE_METHOD_MATCH = YES;
				CODE_SIGN_IDENTITY = "iPhone Developer";
				COPY_PHASE_STRIP = NO;
				DEBUG_INFORMATION_FORMAT = dwarf;
				ENABLE_STRICT_OBJC_MSGSEND = YES;
				ENABLE_TESTABILITY = YES;
				GCC_C_LANGUAGE_STANDARD = gnu11;
				GCC_DYNAMIC_NO_PIC = NO;
				GCC_NO_COMMON_BLOCKS = YES;
				GCC_OPTIMIZATION_LEVEL = 0;
				GCC_PREPROCESSOR_DEFINITIONS = (
					"DEBUG=1",
					"$(inherited)",
				);
				GCC_WARN_64_TO_32_BIT_CONVERSION = YES;
				GCC_WARN_ABOUT_RETURN_TYPE = YES_ERROR;
				GCC_WARN_UNDECLARED_SELECTOR = YES;
				GCC_WARN_UNINITIALIZED_AUTOS = YES_AGGRESSIVE;
				GCC_WARN_UNUSED_FUNCTION = YES;
				GCC_WARN_UNUSED_VARIABLE = YES;
				IPHONEOS_DEPLOYMENT_TARGET = 11.2;
				MTL_ENABLE_DEBUG_INFO = YES;
				ONLY_ACTIVE_ARCH = YES;
				SDKROOT = iphoneos;
			};
			name = Debug;
		};
		14F6D6B720BB995C00920C26 /* Release */ = {
			isa = XCBuildConfiguration;
			buildSettings = {
				ALWAYS_SEARCH_USER_PATHS = NO;
				CLANG_ANALYZER_NONNULL = YES;
				CLANG_ANALYZER_NUMBER_OBJECT_CONVERSION = YES_AGGRESSIVE;
				CLANG_CXX_LANGUAGE_STANDARD = "gnu++14";
				CLANG_CXX_LIBRARY = "libc++";
				CLANG_ENABLE_MODULES = YES;
				CLANG_ENABLE_OBJC_ARC = YES;
				CLANG_WARN_BLOCK_CAPTURE_AUTORELEASING = YES;
				CLANG_WARN_BOOL_CONVERSION = YES;
				CLANG_WARN_COMMA = YES;
				CLANG_WARN_CONSTANT_CONVERSION = YES;
				CLANG_WARN_DIRECT_OBJC_ISA_USAGE = YES_ERROR;
				CLANG_WARN_DOCUMENTATION_COMMENTS = YES;
				CLANG_WARN_EMPTY_BODY = YES;
				CLANG_WARN_ENUM_CONVERSION = YES;
				CLANG_WARN_INFINITE_RECURSION = YES;
				CLANG_WARN_INT_CONVERSION = YES;
				CLANG_WARN_NON_LITERAL_NULL_CONVERSION = YES;
				CLANG_WARN_OBJC_LITERAL_CONVERSION = YES;
				CLANG_WARN_OBJC_ROOT_CLASS = YES_ERROR;
				CLANG_WARN_RANGE_LOOP_ANALYSIS = YES;
				CLANG_WARN_STRICT_PROTOTYPES = YES;
				CLANG_WARN_SUSPICIOUS_MOVE = YES;
				CLANG_WARN_UNGUARDED_AVAILABILITY = YES_AGGRESSIVE;
				CLANG_WARN_UNREACHABLE_CODE = YES;
				CLANG_WARN__DUPLICATE_METHOD_MATCH = YES;
				CODE_SIGN_IDENTITY = "iPhone Developer";
				COPY_PHASE_STRIP = NO;
				DEBUG_INFORMATION_FORMAT = "dwarf-with-dsym";
				ENABLE_NS_ASSERTIONS = NO;
				ENABLE_STRICT_OBJC_MSGSEND = YES;
				GCC_C_LANGUAGE_STANDARD = gnu11;
				GCC_NO_COMMON_BLOCKS = YES;
				GCC_WARN_64_TO_32_BIT_CONVERSION = YES;
				GCC_WARN_ABOUT_RETURN_TYPE = YES_ERROR;
				GCC_WARN_UNDECLARED_SELECTOR = YES;
				GCC_WARN_UNINITIALIZED_AUTOS = YES_AGGRESSIVE;
				GCC_WARN_UNUSED_FUNCTION = YES;
				GCC_WARN_UNUSED_VARIABLE = YES;
				IPHONEOS_DEPLOYMENT_TARGET = 11.2;
				MTL_ENABLE_DEBUG_INFO = NO;
				SDKROOT = iphoneos;
				VALIDATE_PRODUCT = YES;
			};
			name = Release;
		};
		14F6D6B920BB995C00920C26 /* Debug */ = {
			isa = XCBuildConfiguration;
			baseConfigurationReference = 9BC1F7F3A4C06910714B1ADE /* Pods-MNAlertView.debug.xcconfig */;
			buildSettings = {
				ASSETCATALOG_COMPILER_APPICON_NAME = AppIcon;
				CODE_SIGN_STYLE = Automatic;
				INFOPLIST_FILE = MNAlertView/Info.plist;
				LD_RUNPATH_SEARCH_PATHS = "$(inherited) @executable_path/Frameworks";
				PRODUCT_BUNDLE_IDENTIFIER = xmhccf.MNAlertView;
				PRODUCT_NAME = "$(TARGET_NAME)";
				TARGETED_DEVICE_FAMILY = "1,2";
			};
			name = Debug;
		};
		14F6D6BA20BB995C00920C26 /* Release */ = {
			isa = XCBuildConfiguration;
			baseConfigurationReference = 8B5C3E02D02767D4ACF7DD16 /* Pods-MNAlertView.release.xcconfig */;
			buildSettings = {
				ASSETCATALOG_COMPILER_APPICON_NAME = AppIcon;
				CODE_SIGN_STYLE = Automatic;
				INFOPLIST_FILE = MNAlertView/Info.plist;
				LD_RUNPATH_SEARCH_PATHS = "$(inherited) @executable_path/Frameworks";
				PRODUCT_BUNDLE_IDENTIFIER = xmhccf.MNAlertView;
				PRODUCT_NAME = "$(TARGET_NAME)";
				TARGETED_DEVICE_FAMILY = "1,2";
			};
			name = Release;
		};
/* End XCBuildConfiguration section */

/* Begin XCConfigurationList section */
		14F6D69D20BB995B00920C26 /* Build configuration list for PBXProject "MNAlertView" */ = {
			isa = XCConfigurationList;
			buildConfigurations = (
				14F6D6B620BB995C00920C26 /* Debug */,
				14F6D6B720BB995C00920C26 /* Release */,
			);
			defaultConfigurationIsVisible = 0;
			defaultConfigurationName = Release;
		};
		14F6D6B820BB995C00920C26 /* Build configuration list for PBXNativeTarget "MNAlertView" */ = {
			isa = XCConfigurationList;
			buildConfigurations = (
				14F6D6B920BB995C00920C26 /* Debug */,
				14F6D6BA20BB995C00920C26 /* Release */,
			);
			defaultConfigurationIsVisible = 0;
			defaultConfigurationName = Release;
		};
/* End XCConfigurationList section */
	};
	rootObject = 14F6D69A20BB995B00920C26 /* Project object */;
}
